// !$*UTF8*$!
{
	archiveVersion = 1;
	classes = {
	};
	objectVersion = 56;
	objects = {

/* Begin PBXBuildFile section */
		431961992CABDFD200F9544A /* AppDelegate.swift in Sources */ = {isa = PBXBuildFile; fileRef = 431961982CABDFD200F9544A /* AppDelegate.swift */; };
		4319619B2CABDFD200F9544A /* SceneDelegate.swift in Sources */ = {isa = PBXBuildFile; fileRef = 4319619A2CABDFD200F9544A /* SceneDelegate.swift */; };
		4319619D2CABDFD200F9544A /* ViewController.swift in Sources */ = {isa = PBXBuildFile; fileRef = 4319619C2CABDFD200F9544A /* ViewController.swift */; };
		431961A22CABDFD200F9544A /* Assets.xcassets in Resources */ = {isa = PBXBuildFile; fileRef = 431961A12CABDFD200F9544A /* Assets.xcassets */; };
		431961A52CABDFD200F9544A /* Base in Resources */ = {isa = PBXBuildFile; fileRef = 431961A42CABDFD200F9544A /* Base */; };
		431961AE2CABE02E00F9544A /* RxBlocking in Frameworks */ = {isa = PBXBuildFile; productRef = 431961AD2CABE02E00F9544A /* RxBlocking */; };
		431961B02CABE02E00F9544A /* RxCocoa in Frameworks */ = {isa = PBXBuildFile; productRef = 431961AF2CABE02E00F9544A /* RxCocoa */; };
		431961B22CABE02E00F9544A /* RxRelay in Frameworks */ = {isa = PBXBuildFile; productRef = 431961B12CABE02E00F9544A /* RxRelay */; };
		431961B72CABE09B00F9544A /* UserEntity.swift in Sources */ = {isa = PBXBuildFile; fileRef = 431961B62CABE09B00F9544A /* UserEntity.swift */; };
		43CE69F72CAD1CFA00813425 /* KeychainStorage.swift in Sources */ = {isa = PBXBuildFile; fileRef = 43CE69F62CAD1CFA00813425 /* KeychainStorage.swift */; };
		43CE69F92CAD26CF00813425 /* TokenManager.swift in Sources */ = {isa = PBXBuildFile; fileRef = 43CE69F82CAD26CF00813425 /* TokenManager.swift */; };
/* End PBXBuildFile section */

/* Begin PBXFileReference section */
		431961952CABDFD200F9544A /* practice-jwt-front-ios.app */ = {isa = PBXFileReference; explicitFileType = wrapper.application; includeInIndex = 0; path = "practice-jwt-front-ios.app"; sourceTree = BUILT_PRODUCTS_DIR; };
		431961982CABDFD200F9544A /* AppDelegate.swift */ = {isa = PBXFileReference; lastKnownFileType = sourcecode.swift; path = AppDelegate.swift; sourceTree = "<group>"; };
		4319619A2CABDFD200F9544A /* SceneDelegate.swift */ = {isa = PBXFileReference; lastKnownFileType = sourcecode.swift; path = SceneDelegate.swift; sourceTree = "<group>"; };
		4319619C2CABDFD200F9544A /* ViewController.swift */ = {isa = PBXFileReference; lastKnownFileType = sourcecode.swift; path = ViewController.swift; sourceTree = "<group>"; };
		431961A12CABDFD200F9544A /* Assets.xcassets */ = {isa = PBXFileReference; lastKnownFileType = folder.assetcatalog; path = Assets.xcassets; sourceTree = "<group>"; };
		431961A42CABDFD200F9544A /* Base */ = {isa = PBXFileReference; lastKnownFileType = file.storyboard; name = Base; path = Base.lproj/LaunchScreen.storyboard; sourceTree = "<group>"; };
		431961A62CABDFD200F9544A /* Info.plist */ = {isa = PBXFileReference; lastKnownFileType = text.plist.xml; path = Info.plist; sourceTree = "<group>"; };
		431961B62CABE09B00F9544A /* UserEntity.swift */ = {isa = PBXFileReference; lastKnownFileType = sourcecode.swift; path = UserEntity.swift; sourceTree = "<group>"; };
		43CE69F62CAD1CFA00813425 /* KeychainStorage.swift */ = {isa = PBXFileReference; lastKnownFileType = sourcecode.swift; path = KeychainStorage.swift; sourceTree = "<group>"; };
		43CE69F82CAD26CF00813425 /* TokenManager.swift */ = {isa = PBXFileReference; lastKnownFileType = sourcecode.swift; path = TokenManager.swift; sourceTree = "<group>"; };
/* End PBXFileReference section */

/* Begin PBXFrameworksBuildPhase section */
		431961922CABDFD200F9544A /* Frameworks */ = {
			isa = PBXFrameworksBuildPhase;
			buildActionMask = 2147483647;
			files = (
				431961B22CABE02E00F9544A /* RxRelay in Frameworks */,
				431961B02CABE02E00F9544A /* RxCocoa in Frameworks */,
				431961AE2CABE02E00F9544A /* RxBlocking in Frameworks */,
			);
			runOnlyForDeploymentPostprocessing = 0;
		};
/* End PBXFrameworksBuildPhase section */

/* Begin PBXGroup section */
		4319618C2CABDFD200F9544A = {
			isa = PBXGroup;
			children = (
				431961972CABDFD200F9544A /* practice-jwt-front-ios */,
				431961962CABDFD200F9544A /* Products */,
			);
			sourceTree = "<group>";
		};
		431961962CABDFD200F9544A /* Products */ = {
			isa = PBXGroup;
			children = (
				431961952CABDFD200F9544A /* practice-jwt-front-ios.app */,
			);
			name = Products;
			sourceTree = "<group>";
		};
		431961972CABDFD200F9544A /* practice-jwt-front-ios */ = {
			isa = PBXGroup;
			children = (
				431961B52CABE07B00F9544A /* Presentation */,
				431961B42CABE07900F9544A /* Domain */,
				431961B32CABE07600F9544A /* Data */,
				431961982CABDFD200F9544A /* AppDelegate.swift */,
				4319619A2CABDFD200F9544A /* SceneDelegate.swift */,
				431961A12CABDFD200F9544A /* Assets.xcassets */,
				431961A32CABDFD200F9544A /* LaunchScreen.storyboard */,
				431961A62CABDFD200F9544A /* Info.plist */,
			);
			path = "practice-jwt-front-ios";
			sourceTree = "<group>";
		};
		431961B32CABE07600F9544A /* Data */ = {
			isa = PBXGroup;
			children = (
				431961B92CABE1C300F9544A /* Repository */,
				431961B82CABE1C100F9544A /* DTO */,
				43CE69F62CAD1CFA00813425 /* KeychainStorage.swift */,
				43CE69F82CAD26CF00813425 /* TokenManager.swift */,
			);
			path = Data;
			sourceTree = "<group>";
		};
		431961B42CABE07900F9544A /* Domain */ = {
			isa = PBXGroup;
			children = (
				431961B62CABE09B00F9544A /* UserEntity.swift */,
			);
			path = Domain;
			sourceTree = "<group>";
		};
		431961B52CABE07B00F9544A /* Presentation */ = {
			isa = PBXGroup;
			children = (
				4319619C2CABDFD200F9544A /* ViewController.swift */,
			);
			path = Presentation;
			sourceTree = "<group>";
		};
		431961B82CABE1C100F9544A /* DTO */ = {
			isa = PBXGroup;
			children = (
			);
			path = DTO;
			sourceTree = "<group>";
		};
		431961B92CABE1C300F9544A /* Repository */ = {
			isa = PBXGroup;
			children = (
			);
			path = Repository;
			sourceTree = "<group>";
		};
/* End PBXGroup section */

/* Begin PBXNativeTarget section */
		431961942CABDFD200F9544A /* practice-jwt-front-ios */ = {
			isa = PBXNativeTarget;
			buildConfigurationList = 431961A92CABDFD200F9544A /* Build configuration list for PBXNativeTarget "practice-jwt-front-ios" */;
			buildPhases = (
				431961912CABDFD200F9544A /* Sources */,
				431961922CABDFD200F9544A /* Frameworks */,
				431961932CABDFD200F9544A /* Resources */,
			);
			buildRules = (
			);
			dependencies = (
			);
			name = "practice-jwt-front-ios";
			packageProductDependencies = (
				431961AD2CABE02E00F9544A /* RxBlocking */,
				431961AF2CABE02E00F9544A /* RxCocoa */,
				431961B12CABE02E00F9544A /* RxRelay */,
			);
			productName = "practice-jwt-front-ios";
			productReference = 431961952CABDFD200F9544A /* practice-jwt-front-ios.app */;
			productType = "com.apple.product-type.application";
		};
/* End PBXNativeTarget section */

/* Begin PBXProject section */
		4319618D2CABDFD200F9544A /* Project object */ = {
			isa = PBXProject;
			attributes = {
				BuildIndependentTargetsInParallel = 1;
				LastSwiftUpdateCheck = 1540;
				LastUpgradeCheck = 1540;
				TargetAttributes = {
					431961942CABDFD200F9544A = {
						CreatedOnToolsVersion = 15.4;
					};
				};
			};
			buildConfigurationList = 431961902CABDFD200F9544A /* Build configuration list for PBXProject "practice-jwt-front-ios" */;
			compatibilityVersion = "Xcode 14.0";
			developmentRegion = en;
			hasScannedForEncodings = 0;
			knownRegions = (
				en,
				Base,
			);
			mainGroup = 4319618C2CABDFD200F9544A;
			packageReferences = (
				431961AC2CABE02E00F9544A /* XCRemoteSwiftPackageReference "RxSwift" */,
			);
			productRefGroup = 431961962CABDFD200F9544A /* Products */;
			projectDirPath = "";
			projectRoot = "";
			targets = (
				431961942CABDFD200F9544A /* practice-jwt-front-ios */,
			);
		};
/* End PBXProject section */

/* Begin PBXResourcesBuildPhase section */
		431961932CABDFD200F9544A /* Resources */ = {
			isa = PBXResourcesBuildPhase;
			buildActionMask = 2147483647;
			files = (
				431961A22CABDFD200F9544A /* Assets.xcassets in Resources */,
				431961A52CABDFD200F9544A /* Base in Resources */,
			);
			runOnlyForDeploymentPostprocessing = 0;
		};
/* End PBXResourcesBuildPhase section */

/* Begin PBXSourcesBuildPhase section */
		431961912CABDFD200F9544A /* Sources */ = {
			isa = PBXSourcesBuildPhase;
			buildActionMask = 2147483647;
			files = (
				4319619D2CABDFD200F9544A /* ViewController.swift in Sources */,
				43CE69F92CAD26CF00813425 /* TokenManager.swift in Sources */,
				431961992CABDFD200F9544A /* AppDelegate.swift in Sources */,
				43CE69F72CAD1CFA00813425 /* KeychainStorage.swift in Sources */,
				4319619B2CABDFD200F9544A /* SceneDelegate.swift in Sources */,
				431961B72CABE09B00F9544A /* UserEntity.swift in Sources */,
			);
			runOnlyForDeploymentPostprocessing = 0;
		};
/* End PBXSourcesBuildPhase section */

/* Begin PBXVariantGroup section */
		431961A32CABDFD200F9544A /* LaunchScreen.storyboard */ = {
			isa = PBXVariantGroup;
			children = (
				431961A42CABDFD200F9544A /* Base */,
			);
			name = LaunchScreen.storyboard;
			sourceTree = "<group>";
		};
/* End PBXVariantGroup section */

/* Begin XCBuildConfiguration section */
		431961A72CABDFD200F9544A /* Debug */ = {
			isa = XCBuildConfiguration;
			buildSettings = {
				ALWAYS_SEARCH_USER_PATHS = NO;
				ASSETCATALOG_COMPILER_GENERATE_SWIFT_ASSET_SYMBOL_EXTENSIONS = YES;
				CLANG_ANALYZER_NONNULL = YES;
				CLANG_ANALYZER_NUMBER_OBJECT_CONVERSION = YES_AGGRESSIVE;
				CLANG_CXX_LANGUAGE_STANDARD = "gnu++20";
				CLANG_ENABLE_MODULES = YES;
				CLANG_ENABLE_OBJC_ARC = YES;
				CLANG_ENABLE_OBJC_WEAK = YES;
				CLANG_WARN_BLOCK_CAPTURE_AUTORELEASING = YES;
				CLANG_WARN_BOOL_CONVERSION = YES;
				CLANG_WARN_COMMA = YES;
				CLANG_WARN_CONSTANT_CONVERSION = YES;
				CLANG_WARN_DEPRECATED_OBJC_IMPLEMENTATIONS = YES;
				CLANG_WARN_DIRECT_OBJC_ISA_USAGE = YES_ERROR;
				CLANG_WARN_DOCUMENTATION_COMMENTS = YES;
				CLANG_WARN_EMPTY_BODY = YES;
				CLANG_WARN_ENUM_CONVERSION = YES;
				CLANG_WARN_INFINITE_RECURSION = YES;
				CLANG_WARN_INT_CONVERSION = YES;
				CLANG_WARN_NON_LITERAL_NULL_CONVERSION = YES;
				CLANG_WARN_OBJC_IMPLICIT_RETAIN_SELF = YES;
				CLANG_WARN_OBJC_LITERAL_CONVERSION = YES;
				CLANG_WARN_OBJC_ROOT_CLASS = YES_ERROR;
				CLANG_WARN_QUOTED_INCLUDE_IN_FRAMEWORK_HEADER = YES;
				CLANG_WARN_RANGE_LOOP_ANALYSIS = YES;
				CLANG_WARN_STRICT_PROTOTYPES = YES;
				CLANG_WARN_SUSPICIOUS_MOVE = YES;
				CLANG_WARN_UNGUARDED_AVAILABILITY = YES_AGGRESSIVE;
				CLANG_WARN_UNREACHABLE_CODE = YES;
				CLANG_WARN__DUPLICATE_METHOD_MATCH = YES;
				COPY_PHASE_STRIP = NO;
				DEBUG_INFORMATION_FORMAT = dwarf;
				ENABLE_STRICT_OBJC_MSGSEND = YES;
				ENABLE_TESTABILITY = YES;
				ENABLE_USER_SCRIPT_SANDBOXING = YES;
				GCC_C_LANGUAGE_STANDARD = gnu17;
				GCC_DYNAMIC_NO_PIC = NO;
				GCC_NO_COMMON_BLOCKS = YES;
				GCC_OPTIMIZATION_LEVEL = 0;
				GCC_PREPROCESSOR_DEFINITIONS = (
					"DEBUG=1",
					"$(inherited)",
				);
				GCC_WARN_64_TO_32_BIT_CONVERSION = YES;
				GCC_WARN_ABOUT_RETURN_TYPE = YES_ERROR;
				GCC_WARN_UNDECLARED_SELECTOR = YES;
				GCC_WARN_UNINITIALIZED_AUTOS = YES_AGGRESSIVE;
				GCC_WARN_UNUSED_FUNCTION = YES;
				GCC_WARN_UNUSED_VARIABLE = YES;
				IPHONEOS_DEPLOYMENT_TARGET = 17.5;
				LOCALIZATION_PREFERS_STRING_CATALOGS = YES;
				MTL_ENABLE_DEBUG_INFO = INCLUDE_SOURCE;
				MTL_FAST_MATH = YES;
				ONLY_ACTIVE_ARCH = YES;
				SDKROOT = iphoneos;
				SWIFT_ACTIVE_COMPILATION_CONDITIONS = "DEBUG $(inherited)";
				SWIFT_OPTIMIZATION_LEVEL = "-Onone";
			};
			name = Debug;
		};
		431961A82CABDFD200F9544A /* Release */ = {
			isa = XCBuildConfiguration;
			buildSettings = {
				ALWAYS_SEARCH_USER_PATHS = NO;
				ASSETCATALOG_COMPILER_GENERATE_SWIFT_ASSET_SYMBOL_EXTENSIONS = YES;
				CLANG_ANALYZER_NONNULL = YES;
				CLANG_ANALYZER_NUMBER_OBJECT_CONVERSION = YES_AGGRESSIVE;
				CLANG_CXX_LANGUAGE_STANDARD = "gnu++20";
				CLANG_ENABLE_MODULES = YES;
				CLANG_ENABLE_OBJC_ARC = YES;
				CLANG_ENABLE_OBJC_WEAK = YES;
				CLANG_WARN_BLOCK_CAPTURE_AUTORELEASING = YES;
				CLANG_WARN_BOOL_CONVERSION = YES;
				CLANG_WARN_COMMA = YES;
				CLANG_WARN_CONSTANT_CONVERSION = YES;
				CLANG_WARN_DEPRECATED_OBJC_IMPLEMENTATIONS = YES;
				CLANG_WARN_DIRECT_OBJC_ISA_USAGE = YES_ERROR;
				CLANG_WARN_DOCUMENTATION_COMMENTS = YES;
				CLANG_WARN_EMPTY_BODY = YES;
				CLANG_WARN_ENUM_CONVERSION = YES;
				CLANG_WARN_INFINITE_RECURSION = YES;
				CLANG_WARN_INT_CONVERSION = YES;
				CLANG_WARN_NON_LITERAL_NULL_CONVERSION = YES;
				CLANG_WARN_OBJC_IMPLICIT_RETAIN_SELF = YES;
				CLANG_WARN_OBJC_LITERAL_CONVERSION = YES;
				CLANG_WARN_OBJC_ROOT_CLASS = YES_ERROR;
				CLANG_WARN_QUOTED_INCLUDE_IN_FRAMEWORK_HEADER = YES;
				CLANG_WARN_RANGE_LOOP_ANALYSIS = YES;
				CLANG_WARN_STRICT_PROTOTYPES = YES;
				CLANG_WARN_SUSPICIOUS_MOVE = YES;
				CLANG_WARN_UNGUARDED_AVAILABILITY = YES_AGGRESSIVE;
				CLANG_WARN_UNREACHABLE_CODE = YES;
				CLANG_WARN__DUPLICATE_METHOD_MATCH = YES;
				COPY_PHASE_STRIP = NO;
				DEBUG_INFORMATION_FORMAT = "dwarf-with-dsym";
				ENABLE_NS_ASSERTIONS = NO;
				ENABLE_STRICT_OBJC_MSGSEND = YES;
				ENABLE_USER_SCRIPT_SANDBOXING = YES;
				GCC_C_LANGUAGE_STANDARD = gnu17;
				GCC_NO_COMMON_BLOCKS = YES;
				GCC_WARN_64_TO_32_BIT_CONVERSION = YES;
				GCC_WARN_ABOUT_RETURN_TYPE = YES_ERROR;
				GCC_WARN_UNDECLARED_SELECTOR = YES;
				GCC_WARN_UNINITIALIZED_AUTOS = YES_AGGRESSIVE;
				GCC_WARN_UNUSED_FUNCTION = YES;
				GCC_WARN_UNUSED_VARIABLE = YES;
				IPHONEOS_DEPLOYMENT_TARGET = 17.5;
				LOCALIZATION_PREFERS_STRING_CATALOGS = YES;
				MTL_ENABLE_DEBUG_INFO = NO;
				MTL_FAST_MATH = YES;
				SDKROOT = iphoneos;
				SWIFT_COMPILATION_MODE = wholemodule;
				VALIDATE_PRODUCT = YES;
			};
			name = Release;
		};
		431961AA2CABDFD200F9544A /* Debug */ = {
			isa = XCBuildConfiguration;
			buildSettings = {
				ASSETCATALOG_COMPILER_APPICON_NAME = AppIcon;
				ASSETCATALOG_COMPILER_GLOBAL_ACCENT_COLOR_NAME = AccentColor;
				CODE_SIGN_STYLE = Automatic;
				CURRENT_PROJECT_VERSION = 1;
				DEVELOPMENT_TEAM = VGM28F2FH7;
				GENERATE_INFOPLIST_FILE = YES;
				INFOPLIST_FILE = "practice-jwt-front-ios/Info.plist";
				INFOPLIST_KEY_UIApplicationSupportsIndirectInputEvents = YES;
				INFOPLIST_KEY_UILaunchStoryboardName = LaunchScreen;
				INFOPLIST_KEY_UISupportedInterfaceOrientations_iPad = "UIInterfaceOrientationPortrait UIInterfaceOrientationPortraitUpsideDown UIInterfaceOrientationLandscapeLeft UIInterfaceOrientationLandscapeRight";
				INFOPLIST_KEY_UISupportedInterfaceOrientations_iPhone = "UIInterfaceOrientationPortrait UIInterfaceOrientationLandscapeLeft UIInterfaceOrientationLandscapeRight";
				LD_RUNPATH_SEARCH_PATHS = (
					"$(inherited)",
					"@executable_path/Frameworks",
				);
				MARKETING_VERSION = 1.0;
				PRODUCT_BUNDLE_IDENTIFIER = "suojae.practice-jwt-front-ios";
				PRODUCT_NAME = "$(TARGET_NAME)";
				SWIFT_EMIT_LOC_STRINGS = YES;
				SWIFT_VERSION = 5.0;
				TARGETED_DEVICE_FAMILY = "1,2";
			};
			name = Debug;
		};
		431961AB2CABDFD200F9544A /* Release */ = {
			isa = XCBuildConfiguration;
			buildSettings = {
				ASSETCATALOG_COMPILER_APPICON_NAME = AppIcon;
				ASSETCATALOG_COMPILER_GLOBAL_ACCENT_COLOR_NAME = AccentColor;
				CODE_SIGN_STYLE = Automatic;
				CURRENT_PROJECT_VERSION = 1;
				DEVELOPMENT_TEAM = VGM28F2FH7;
				GENERATE_INFOPLIST_FILE = YES;
				INFOPLIST_FILE = "practice-jwt-front-ios/Info.plist";
				INFOPLIST_KEY_UIApplicationSupportsIndirectInputEvents = YES;
				INFOPLIST_KEY_UILaunchStoryboardName = LaunchScreen;
				INFOPLIST_KEY_UISupportedInterfaceOrientations_iPad = "UIInterfaceOrientationPortrait UIInterfaceOrientationPortraitUpsideDown UIInterfaceOrientationLandscapeLeft UIInterfaceOrientationLandscapeRight";
				INFOPLIST_KEY_UISupportedInterfaceOrientations_iPhone = "UIInterfaceOrientationPortrait UIInterfaceOrientationLandscapeLeft UIInterfaceOrientationLandscapeRight";
				LD_RUNPATH_SEARCH_PATHS = (
					"$(inherited)",
					"@executable_path/Frameworks",
				);
				MARKETING_VERSION = 1.0;
				PRODUCT_BUNDLE_IDENTIFIER = "suojae.practice-jwt-front-ios";
				PRODUCT_NAME = "$(TARGET_NAME)";
				SWIFT_EMIT_LOC_STRINGS = YES;
				SWIFT_VERSION = 5.0;
				TARGETED_DEVICE_FAMILY = "1,2";
			};
			name = Release;
		};
/* End XCBuildConfiguration section */

/* Begin XCConfigurationList section */
		431961902CABDFD200F9544A /* Build configuration list for PBXProject "practice-jwt-front-ios" */ = {
			isa = XCConfigurationList;
			buildConfigurations = (
				431961A72CABDFD200F9544A /* Debug */,
				431961A82CABDFD200F9544A /* Release */,
			);
			defaultConfigurationIsVisible = 0;
			defaultConfigurationName = Release;
		};
		431961A92CABDFD200F9544A /* Build configuration list for PBXNativeTarget "practice-jwt-front-ios" */ = {
			isa = XCConfigurationList;
			buildConfigurations = (
				431961AA2CABDFD200F9544A /* Debug */,
				431961AB2CABDFD200F9544A /* Release */,
			);
			defaultConfigurationIsVisible = 0;
			defaultConfigurationName = Release;
		};
/* End XCConfigurationList section */

/* Begin XCRemoteSwiftPackageReference section */
		431961AC2CABE02E00F9544A /* XCRemoteSwiftPackageReference "RxSwift" */ = {
			isa = XCRemoteSwiftPackageReference;
			repositoryURL = "https://github.com/ReactiveX/RxSwift.git";
			requirement = {
				kind = upToNextMajorVersion;
				minimumVersion = 6.7.1;
			};
		};
/* End XCRemoteSwiftPackageReference section */

/* Begin XCSwiftPackageProductDependency section */
		431961AD2CABE02E00F9544A /* RxBlocking */ = {
			isa = XCSwiftPackageProductDependency;
			package = 431961AC2CABE02E00F9544A /* XCRemoteSwiftPackageReference "RxSwift" */;
			productName = RxBlocking;
		};
		431961AF2CABE02E00F9544A /* RxCocoa */ = {
			isa = XCSwiftPackageProductDependency;
			package = 431961AC2CABE02E00F9544A /* XCRemoteSwiftPackageReference "RxSwift" */;
			productName = RxCocoa;
		};
		431961B12CABE02E00F9544A /* RxRelay */ = {
			isa = XCSwiftPackageProductDependency;
			package = 431961AC2CABE02E00F9544A /* XCRemoteSwiftPackageReference "RxSwift" */;
			productName = RxRelay;
		};
/* End XCSwiftPackageProductDependency section */
	};
	rootObject = 4319618D2CABDFD200F9544A /* Project object */;
}
